
Microsoft Visual Studio Solution File, Format Version 12.00
# Visual Studio Version 17
VisualStudioVersion = 17.2.32630.192
MinimumVisualStudioVersion = 10.0.40219.1
Project("{FAE04EC0-301F-11D3-BF4B-00C04F79EFBC}") = "Lab4", "Lab4\Lab4.csproj", "{1713A110-366B-4A1E-B864-A3A20C0E0F39}"
EndProject
Global
	GlobalSection(SolutionConfigurationPlatforms) = preSolution
		Debug|Any CPU = Debug|Any CPU
		Release|Any CPU = Release|Any CPU
	EndGlobalSection
	GlobalSection(ProjectConfigurationPlatforms) = postSolution
		{1713A110-366B-4A1E-B864-A3A20C0E0F39}.Debug|Any CPU.ActiveCfg = Debug|Any CPU
		{1713A110-366B-4A1E-B864-A3A20C0E0F39}.Debug|Any CPU.Build.0 = Debug|Any CPU
		{1713A110-366B-4A1E-B864-A3A20C0E0F39}.Release|Any CPU.ActiveCfg = Release|Any CPU
		{1713A110-366B-4A1E-B864-A3A20C0E0F39}.Release|Any CPU.Build.0 = Release|Any CPU
	EndGlobalSection
	GlobalSection(SolutionProperties) = preSolution
		HideSolutionNode = FALSE
	EndGlobalSection
	GlobalSection(ExtensibilityGlobals) = postSolution
		SolutionGuid = {30052B6D-BBFC-4708-AD73-8AB7902C328D}
	EndGlobalSection
EndGlobal
