
Microsoft Visual Studio Solution File, Format Version 12.00
# Visual Studio Version 17
VisualStudioVersion = 17.2.32630.192
MinimumVisualStudioVersion = 10.0.40219.1
Project("{FAE04EC0-301F-11D3-BF4B-00C04F79EFBC}") = "Lab5", "Lab5\Lab5.csproj", "{2058FF86-A8BF-4452-A5D3-63DC9D5A12FB}"
EndProject
Global
	GlobalSection(SolutionConfigurationPlatforms) = preSolution
		Debug|Any CPU = Debug|Any CPU
		Release|Any CPU = Release|Any CPU
	EndGlobalSection
	GlobalSection(ProjectConfigurationPlatforms) = postSolution
		{2058FF86-A8BF-4452-A5D3-63DC9D5A12FB}.Debug|Any CPU.ActiveCfg = Debug|Any CPU
		{2058FF86-A8BF-4452-A5D3-63DC9D5A12FB}.Debug|Any CPU.Build.0 = Debug|Any CPU
		{2058FF86-A8BF-4452-A5D3-63DC9D5A12FB}.Release|Any CPU.ActiveCfg = Release|Any CPU
		{2058FF86-A8BF-4452-A5D3-63DC9D5A12FB}.Release|Any CPU.Build.0 = Release|Any CPU
	EndGlobalSection
	GlobalSection(SolutionProperties) = preSolution
		HideSolutionNode = FALSE
	EndGlobalSection
	GlobalSection(ExtensibilityGlobals) = postSolution
		SolutionGuid = {C34835BC-A668-491F-B1BA-E400589329FC}
	EndGlobalSection
EndGlobal
