
Microsoft Visual Studio Solution File, Format Version 12.00
# Visual Studio Version 17
VisualStudioVersion = 17.2.32630.192
MinimumVisualStudioVersion = 10.0.40219.1
Project("{FAE04EC0-301F-11D3-BF4B-00C04F79EFBC}") = "Lab2", "Lab2\Lab2.csproj", "{1950EC9F-88E1-4475-834C-269C2ADDFD0F}"
EndProject
Global
	GlobalSection(SolutionConfigurationPlatforms) = preSolution
		Debug|Any CPU = Debug|Any CPU
		Release|Any CPU = Release|Any CPU
	EndGlobalSection
	GlobalSection(ProjectConfigurationPlatforms) = postSolution
		{1950EC9F-88E1-4475-834C-269C2ADDFD0F}.Debug|Any CPU.ActiveCfg = Debug|Any CPU
		{1950EC9F-88E1-4475-834C-269C2ADDFD0F}.Debug|Any CPU.Build.0 = Debug|Any CPU
		{1950EC9F-88E1-4475-834C-269C2ADDFD0F}.Release|Any CPU.ActiveCfg = Release|Any CPU
		{1950EC9F-88E1-4475-834C-269C2ADDFD0F}.Release|Any CPU.Build.0 = Release|Any CPU
	EndGlobalSection
	GlobalSection(SolutionProperties) = preSolution
		HideSolutionNode = FALSE
	EndGlobalSection
	GlobalSection(ExtensibilityGlobals) = postSolution
		SolutionGuid = {ADA9D75E-58E1-4E44-88E1-EC0E6A953205}
	EndGlobalSection
EndGlobal
